{
  "name": "echo-site",
  "version": "1.0.0",
  "lockfileVersion": 3,
  "requires": true,
  "packages": {
    "": {
      "name": "echo-site",
      "version": "1.0.0",
      "dependencies": {
        "@builtbyecho/public-api-finder": "^0.5.4"
      }
    },
    "node_modules/@builtbyecho/public-api-finder": {
      "version": "0.5.4",
      "resolved": "https://registry.npmjs.org/@builtbyecho/public-api-finder/-/public-api-finder-0.5.4.tgz",
      "integrity": "sha512-Hkokdu6hpniBVGvW1v5jHIu22vVoN/GLYwdQ4Jqc8Z25QwKRfymRircN77tVcHQLtiTA4fRS+/mBa/0Qym6rsA==",
      "license": "MIT",
      "bin": {
        "public-api-finder": "src/cli.js"
      },
      "engines": {
        "node": ">=20"
      }
    }
  }
}
