{
  "name": "echo-site",
  "version": "1.0.0",
  "lockfileVersion": 3,
  "requires": true,
  "packages": {
    "": {
      "name": "echo-site",
      "version": "1.0.0",
      "dependencies": {
        "@builtbyecho/public-api-finder": "^0.5.2"
      }
    },
    "node_modules/@builtbyecho/public-api-finder": {
      "version": "0.5.2",
      "resolved": "https://registry.npmjs.org/@builtbyecho/public-api-finder/-/public-api-finder-0.5.2.tgz",
      "integrity": "sha512-0LaHSaP9JuW56ftS2KJFiUBeRQt2v+5GITfpwoVloxavMOfNMt+5nZ/829sAtL3CcGkFz4n03lNUce/745QHOw==",
      "license": "MIT",
      "bin": {
        "public-api-finder": "src/cli.js"
      },
      "engines": {
        "node": ">=20"
      }
    }
  }
}
