{
  "name": "echo-site",
  "version": "1.0.0",
  "lockfileVersion": 3,
  "requires": true,
  "packages": {
    "": {
      "name": "echo-site",
      "version": "1.0.0",
      "dependencies": {
        "@builtbyecho/public-api-finder": "^0.5.8"
      }
    },
    "node_modules/@builtbyecho/public-api-finder": {
      "version": "0.5.8",
      "resolved": "https://registry.npmjs.org/@builtbyecho/public-api-finder/-/public-api-finder-0.5.8.tgz",
      "integrity": "sha512-kKi/eOl1I3F8R1MVbS+i9VW6Av3P4Bbu0g3JxLBVpysv8mPeBqiaqRQiYcorRP66ALBhuZxy5jpE/rCJv0s3wg==",
      "license": "MIT",
      "bin": {
        "public-api-finder": "src/cli.js"
      },
      "engines": {
        "node": ">=20"
      }
    }
  }
}
